
Microsoft Visual Studio Solution File, Format Version 12.00
# Visual Studio 15
VisualStudioVersion = 15.0.28307.779
MinimumVisualStudioVersion = 10.0.40219.1
Project("{FAE04EC0-301F-11D3-BF4B-00C04F79EFBC}") = "PaytmGateway", "PaytmGateway\PaytmGateway.csproj", "{DB29E246-C3B6-4943-9FF9-6915000E3F3D}"
EndProject
Global
	GlobalSection(SolutionConfigurationPlatforms) = preSolution
		Debug|Any CPU = Debug|Any CPU
		Release|Any CPU = Release|Any CPU
	EndGlobalSection
	GlobalSection(ProjectConfigurationPlatforms) = postSolution
		{DB29E246-C3B6-4943-9FF9-6915000E3F3D}.Debug|Any CPU.ActiveCfg = Debug|Any CPU
		{DB29E246-C3B6-4943-9FF9-6915000E3F3D}.Debug|Any CPU.Build.0 = Debug|Any CPU
		{DB29E246-C3B6-4943-9FF9-6915000E3F3D}.Release|Any CPU.ActiveCfg = Release|Any CPU
		{DB29E246-C3B6-4943-9FF9-6915000E3F3D}.Release|Any CPU.Build.0 = Release|Any CPU
	EndGlobalSection
	GlobalSection(SolutionProperties) = preSolution
		HideSolutionNode = FALSE
	EndGlobalSection
	GlobalSection(ExtensibilityGlobals) = postSolution
		SolutionGuid = {FBF72D17-7702-4BB3-983A-4C3BA9A061C8}
	EndGlobalSection
EndGlobal
